
Microsoft Visual Studio Solution File, Format Version 12.00
# Visual Studio Version 17
VisualStudioVersion = 17.0.32014.148
MinimumVisualStudioVersion = 10.0.40219.1
Project("{9A19103F-16F7-4668-BE54-9A1E7A4F7556}") = "NosSmooth.Core", "Core\NosSmooth.Core\NosSmooth.Core.csproj", "{8CCDB0CD-DFB2-492E-B1A2-8DD030F923D3}"
EndProject
Project("{2150E333-8FDC-42A3-9474-1A3956D46DE8}") = "Core", "Core", "{01B5E872-271F-4D30-A1AA-AD48D81840C5}"
EndProject
Project("{2150E333-8FDC-42A3-9474-1A3956D46DE8}") = ".metadata", ".metadata", "{FA63BCED-9D81-4FF7-BA75-A6F3BA31ECDE}"
	ProjectSection(SolutionItems) = preProject
		Directory.build.props = Directory.build.props
	EndProjectSection
EndProject
Project("{2150E333-8FDC-42A3-9474-1A3956D46DE8}") = "Tests", "Tests", "{C6A8760D-92CB-4307-88A7-36CCAEBA4AD1}"
EndProject
Project("{9A19103F-16F7-4668-BE54-9A1E7A4F7556}") = "NosSmooth.Core.Tests", "Tests\NosSmooth.Core.Tests\NosSmooth.Core.Tests.csproj", "{1A10C624-48E5-425D-938E-31A4CC7AC687}"
EndProject
Project("{9A19103F-16F7-4668-BE54-9A1E7A4F7556}") = "NosSmooth.PacketSerializer", "Packets\NosSmooth.PacketSerializer\NosSmooth.PacketSerializer.csproj", "{C4DAFD83-C6DC-4597-AA1F-BA2F3ABB612C}"
EndProject
Project("{9A19103F-16F7-4668-BE54-9A1E7A4F7556}") = "NosSmooth.PacketSerializersGenerator", "Packets\NosSmooth.PacketSerializersGenerator\NosSmooth.PacketSerializersGenerator.csproj", "{C61EBDB6-053C-48C3-B896-58642639C93F}"
EndProject
Project("{9A19103F-16F7-4668-BE54-9A1E7A4F7556}") = "NosSmooth.Packets.Tests", "Tests\NosSmooth.Packets.Tests\NosSmooth.Packets.Tests.csproj", "{9BC56B40-64E3-4A8F-AD49-C52857A35026}"
EndProject
Project("{2150E333-8FDC-42A3-9474-1A3956D46DE8}") = "Packets", "Packets", "{54A49AC2-55B3-4156-8023-41C56719EBB5}"
EndProject
Project("{FAE04EC0-301F-11D3-BF4B-00C04F79EFBC}") = "NosSmooth.Packets", "Packets\NosSmooth.Packets\NosSmooth.Packets.csproj", "{86B4ED0C-CD28-4C6C-B58E-B4B1F7AAD683}"
EndProject
Project("{FAE04EC0-301F-11D3-BF4B-00C04F79EFBC}") = "NosSmooth.PacketSerializer.Abstractions", "Packets\NosSmooth.PacketSerializer.Abstractions\NosSmooth.PacketSerializer.Abstractions.csproj", "{CF03BCEA-EB5B-427F-8576-7DA7EB869BDC}"
EndProject
Project("{2150E333-8FDC-42A3-9474-1A3956D46DE8}") = "Data", "Data", "{1C785A74-19B9-42D2-93B1-F4EC9D6A8CFD}"
EndProject
Project("{FAE04EC0-301F-11D3-BF4B-00C04F79EFBC}") = "NosSmooth.Data.Abstractions", "Data\NosSmooth.Data.Abstractions\NosSmooth.Data.Abstractions.csproj", "{7901F7FF-FB76-4A4C-8DCA-F74543624130}"
EndProject
Project("{FAE04EC0-301F-11D3-BF4B-00C04F79EFBC}") = "NosSmooth.Data.Database", "Data\NosSmooth.Data.Database\NosSmooth.Data.Database.csproj", "{C4114AC1-72E8-46DA-9B4B-A4C942004492}"
EndProject
Project("{FAE04EC0-301F-11D3-BF4B-00C04F79EFBC}") = "NosSmooth.Data.NOSFiles", "Data\NosSmooth.Data.NOSFiles\NosSmooth.Data.NOSFiles.csproj", "{4820B9B7-00E6-4E0C-B93A-83BB98C1EE99}"
EndProject
Project("{FAE04EC0-301F-11D3-BF4B-00C04F79EFBC}") = "NosSmooth.Data.CLI", "Data\NosSmooth.Data.CLI\NosSmooth.Data.CLI.csproj", "{F1884ADF-6412-4E9B-81FD-357DC5761ADF}"
EndProject
Project("{2150E333-8FDC-42A3-9474-1A3956D46DE8}") = "Samples", "Samples", "{99E72557-BCE9-496A-B49C-79537B0E6063}"
EndProject
Project("{FAE04EC0-301F-11D3-BF4B-00C04F79EFBC}") = "DataBrowser", "Samples\DataBrowser\DataBrowser.csproj", "{055C66A7-640C-49BB-81A7-28E630F51C37}"
EndProject
Project("{FAE04EC0-301F-11D3-BF4B-00C04F79EFBC}") = "NosSmooth.Game", "Core\NosSmooth.Game\NosSmooth.Game.csproj", "{7C9C7375-6FC0-4704-9332-1F74CDF41D11}"
EndProject
Project("{FAE04EC0-301F-11D3-BF4B-00C04F79EFBC}") = "FileClient", "Samples\FileClient\FileClient.csproj", "{D33E1AC5-8946-4D6F-A6D3-D81F98E4F86B}"
EndProject
Project("{2150E333-8FDC-42A3-9474-1A3956D46DE8}") = "Extensions", "Extensions", "{3A6D13E3-4BBA-4B3D-AE99-BAC8B375F7DF}"
EndProject
Project("{FAE04EC0-301F-11D3-BF4B-00C04F79EFBC}") = "NosSmooth.Extensions.Pathfinding", "Extensions\NosSmooth.Extensions.Pathfinding\NosSmooth.Extensions.Pathfinding.csproj", "{564CAD6F-09B1-450B-83ED-9BCDE106B646}"
EndProject
Global
	GlobalSection(SolutionConfigurationPlatforms) = preSolution
		Debug|Any CPU = Debug|Any CPU
		Debug|x64 = Debug|x64
		Debug|x86 = Debug|x86
		Release|Any CPU = Release|Any CPU
		Release|x64 = Release|x64
		Release|x86 = Release|x86
	EndGlobalSection
	GlobalSection(ProjectConfigurationPlatforms) = postSolution
		{8CCDB0CD-DFB2-492E-B1A2-8DD030F923D3}.Debug|Any CPU.ActiveCfg = Debug|Any CPU
		{8CCDB0CD-DFB2-492E-B1A2-8DD030F923D3}.Debug|Any CPU.Build.0 = Debug|Any CPU
		{8CCDB0CD-DFB2-492E-B1A2-8DD030F923D3}.Debug|x64.ActiveCfg = Debug|Any CPU
		{8CCDB0CD-DFB2-492E-B1A2-8DD030F923D3}.Debug|x64.Build.0 = Debug|Any CPU
		{8CCDB0CD-DFB2-492E-B1A2-8DD030F923D3}.Debug|x86.ActiveCfg = Debug|Any CPU
		{8CCDB0CD-DFB2-492E-B1A2-8DD030F923D3}.Debug|x86.Build.0 = Debug|Any CPU
		{8CCDB0CD-DFB2-492E-B1A2-8DD030F923D3}.Release|Any CPU.ActiveCfg = Release|Any CPU
		{8CCDB0CD-DFB2-492E-B1A2-8DD030F923D3}.Release|Any CPU.Build.0 = Release|Any CPU
		{8CCDB0CD-DFB2-492E-B1A2-8DD030F923D3}.Release|x64.ActiveCfg = Release|Any CPU
		{8CCDB0CD-DFB2-492E-B1A2-8DD030F923D3}.Release|x64.Build.0 = Release|Any CPU
		{8CCDB0CD-DFB2-492E-B1A2-8DD030F923D3}.Release|x86.ActiveCfg = Release|Any CPU
		{8CCDB0CD-DFB2-492E-B1A2-8DD030F923D3}.Release|x86.Build.0 = Release|Any CPU
		{1A10C624-48E5-425D-938E-31A4CC7AC687}.Debug|Any CPU.ActiveCfg = Debug|Any CPU
		{1A10C624-48E5-425D-938E-31A4CC7AC687}.Debug|Any CPU.Build.0 = Debug|Any CPU
		{1A10C624-48E5-425D-938E-31A4CC7AC687}.Debug|x64.ActiveCfg = Debug|Any CPU
		{1A10C624-48E5-425D-938E-31A4CC7AC687}.Debug|x64.Build.0 = Debug|Any CPU
		{1A10C624-48E5-425D-938E-31A4CC7AC687}.Debug|x86.ActiveCfg = Debug|Any CPU
		{1A10C624-48E5-425D-938E-31A4CC7AC687}.Debug|x86.Build.0 = Debug|Any CPU
		{1A10C624-48E5-425D-938E-31A4CC7AC687}.Release|Any CPU.ActiveCfg = Release|Any CPU
		{1A10C624-48E5-425D-938E-31A4CC7AC687}.Release|Any CPU.Build.0 = Release|Any CPU
		{1A10C624-48E5-425D-938E-31A4CC7AC687}.Release|x64.ActiveCfg = Release|Any CPU
		{1A10C624-48E5-425D-938E-31A4CC7AC687}.Release|x64.Build.0 = Release|Any CPU
		{1A10C624-48E5-425D-938E-31A4CC7AC687}.Release|x86.ActiveCfg = Release|Any CPU
		{1A10C624-48E5-425D-938E-31A4CC7AC687}.Release|x86.Build.0 = Release|Any CPU
		{C4DAFD83-C6DC-4597-AA1F-BA2F3ABB612C}.Debug|Any CPU.ActiveCfg = Debug|Any CPU
		{C4DAFD83-C6DC-4597-AA1F-BA2F3ABB612C}.Debug|Any CPU.Build.0 = Debug|Any CPU
		{C4DAFD83-C6DC-4597-AA1F-BA2F3ABB612C}.Debug|x64.ActiveCfg = Debug|Any CPU
		{C4DAFD83-C6DC-4597-AA1F-BA2F3ABB612C}.Debug|x64.Build.0 = Debug|Any CPU
		{C4DAFD83-C6DC-4597-AA1F-BA2F3ABB612C}.Debug|x86.ActiveCfg = Debug|Any CPU
		{C4DAFD83-C6DC-4597-AA1F-BA2F3ABB612C}.Debug|x86.Build.0 = Debug|Any CPU
		{C4DAFD83-C6DC-4597-AA1F-BA2F3ABB612C}.Release|Any CPU.ActiveCfg = Release|Any CPU
		{C4DAFD83-C6DC-4597-AA1F-BA2F3ABB612C}.Release|Any CPU.Build.0 = Release|Any CPU
		{C4DAFD83-C6DC-4597-AA1F-BA2F3ABB612C}.Release|x64.ActiveCfg = Release|Any CPU
		{C4DAFD83-C6DC-4597-AA1F-BA2F3ABB612C}.Release|x64.Build.0 = Release|Any CPU
		{C4DAFD83-C6DC-4597-AA1F-BA2F3ABB612C}.Release|x86.ActiveCfg = Release|Any CPU
		{C4DAFD83-C6DC-4597-AA1F-BA2F3ABB612C}.Release|x86.Build.0 = Release|Any CPU
		{C61EBDB6-053C-48C3-B896-58642639C93F}.Debug|Any CPU.ActiveCfg = Debug|Any CPU
		{C61EBDB6-053C-48C3-B896-58642639C93F}.Debug|Any CPU.Build.0 = Debug|Any CPU
		{C61EBDB6-053C-48C3-B896-58642639C93F}.Debug|x64.ActiveCfg = Debug|Any CPU
		{C61EBDB6-053C-48C3-B896-58642639C93F}.Debug|x64.Build.0 = Debug|Any CPU
		{C61EBDB6-053C-48C3-B896-58642639C93F}.Debug|x86.ActiveCfg = Debug|Any CPU
		{C61EBDB6-053C-48C3-B896-58642639C93F}.Debug|x86.Build.0 = Debug|Any CPU
		{C61EBDB6-053C-48C3-B896-58642639C93F}.Release|Any CPU.ActiveCfg = Release|Any CPU
		{C61EBDB6-053C-48C3-B896-58642639C93F}.Release|Any CPU.Build.0 = Release|Any CPU
		{C61EBDB6-053C-48C3-B896-58642639C93F}.Release|x64.ActiveCfg = Release|Any CPU
		{C61EBDB6-053C-48C3-B896-58642639C93F}.Release|x64.Build.0 = Release|Any CPU
		{C61EBDB6-053C-48C3-B896-58642639C93F}.Release|x86.ActiveCfg = Release|Any CPU
		{C61EBDB6-053C-48C3-B896-58642639C93F}.Release|x86.Build.0 = Release|Any CPU
		{9BC56B40-64E3-4A8F-AD49-C52857A35026}.Debug|Any CPU.ActiveCfg = Debug|Any CPU
		{9BC56B40-64E3-4A8F-AD49-C52857A35026}.Debug|Any CPU.Build.0 = Debug|Any CPU
		{9BC56B40-64E3-4A8F-AD49-C52857A35026}.Debug|x64.ActiveCfg = Debug|Any CPU
		{9BC56B40-64E3-4A8F-AD49-C52857A35026}.Debug|x64.Build.0 = Debug|Any CPU
		{9BC56B40-64E3-4A8F-AD49-C52857A35026}.Debug|x86.ActiveCfg = Debug|Any CPU
		{9BC56B40-64E3-4A8F-AD49-C52857A35026}.Debug|x86.Build.0 = Debug|Any CPU
		{9BC56B40-64E3-4A8F-AD49-C52857A35026}.Release|Any CPU.ActiveCfg = Release|Any CPU
		{9BC56B40-64E3-4A8F-AD49-C52857A35026}.Release|Any CPU.Build.0 = Release|Any CPU
		{9BC56B40-64E3-4A8F-AD49-C52857A35026}.Release|x64.ActiveCfg = Release|Any CPU
		{9BC56B40-64E3-4A8F-AD49-C52857A35026}.Release|x64.Build.0 = Release|Any CPU
		{9BC56B40-64E3-4A8F-AD49-C52857A35026}.Release|x86.ActiveCfg = Release|Any CPU
		{9BC56B40-64E3-4A8F-AD49-C52857A35026}.Release|x86.Build.0 = Release|Any CPU
		{86B4ED0C-CD28-4C6C-B58E-B4B1F7AAD683}.Debug|Any CPU.ActiveCfg = Debug|Any CPU
		{86B4ED0C-CD28-4C6C-B58E-B4B1F7AAD683}.Debug|Any CPU.Build.0 = Debug|Any CPU
		{86B4ED0C-CD28-4C6C-B58E-B4B1F7AAD683}.Debug|x64.ActiveCfg = Debug|Any CPU
		{86B4ED0C-CD28-4C6C-B58E-B4B1F7AAD683}.Debug|x64.Build.0 = Debug|Any CPU
		{86B4ED0C-CD28-4C6C-B58E-B4B1F7AAD683}.Debug|x86.ActiveCfg = Debug|Any CPU
		{86B4ED0C-CD28-4C6C-B58E-B4B1F7AAD683}.Debug|x86.Build.0 = Debug|Any CPU
		{86B4ED0C-CD28-4C6C-B58E-B4B1F7AAD683}.Release|Any CPU.ActiveCfg = Release|Any CPU
		{86B4ED0C-CD28-4C6C-B58E-B4B1F7AAD683}.Release|Any CPU.Build.0 = Release|Any CPU
		{86B4ED0C-CD28-4C6C-B58E-B4B1F7AAD683}.Release|x64.ActiveCfg = Release|Any CPU
		{86B4ED0C-CD28-4C6C-B58E-B4B1F7AAD683}.Release|x64.Build.0 = Release|Any CPU
		{86B4ED0C-CD28-4C6C-B58E-B4B1F7AAD683}.Release|x86.ActiveCfg = Release|Any CPU
		{86B4ED0C-CD28-4C6C-B58E-B4B1F7AAD683}.Release|x86.Build.0 = Release|Any CPU
		{CF03BCEA-EB5B-427F-8576-7DA7EB869BDC}.Debug|Any CPU.ActiveCfg = Debug|Any CPU
		{CF03BCEA-EB5B-427F-8576-7DA7EB869BDC}.Debug|Any CPU.Build.0 = Debug|Any CPU
		{CF03BCEA-EB5B-427F-8576-7DA7EB869BDC}.Debug|x64.ActiveCfg = Debug|Any CPU
		{CF03BCEA-EB5B-427F-8576-7DA7EB869BDC}.Debug|x64.Build.0 = Debug|Any CPU
		{CF03BCEA-EB5B-427F-8576-7DA7EB869BDC}.Debug|x86.ActiveCfg = Debug|Any CPU
		{CF03BCEA-EB5B-427F-8576-7DA7EB869BDC}.Debug|x86.Build.0 = Debug|Any CPU
		{CF03BCEA-EB5B-427F-8576-7DA7EB869BDC}.Release|Any CPU.ActiveCfg = Release|Any CPU
		{CF03BCEA-EB5B-427F-8576-7DA7EB869BDC}.Release|Any CPU.Build.0 = Release|Any CPU
		{CF03BCEA-EB5B-427F-8576-7DA7EB869BDC}.Release|x64.ActiveCfg = Release|Any CPU
		{CF03BCEA-EB5B-427F-8576-7DA7EB869BDC}.Release|x64.Build.0 = Release|Any CPU
		{CF03BCEA-EB5B-427F-8576-7DA7EB869BDC}.Release|x86.ActiveCfg = Release|Any CPU
		{CF03BCEA-EB5B-427F-8576-7DA7EB869BDC}.Release|x86.Build.0 = Release|Any CPU
		{7901F7FF-FB76-4A4C-8DCA-F74543624130}.Debug|Any CPU.ActiveCfg = Debug|Any CPU
		{7901F7FF-FB76-4A4C-8DCA-F74543624130}.Debug|Any CPU.Build.0 = Debug|Any CPU
		{7901F7FF-FB76-4A4C-8DCA-F74543624130}.Debug|x64.ActiveCfg = Debug|Any CPU
		{7901F7FF-FB76-4A4C-8DCA-F74543624130}.Debug|x64.Build.0 = Debug|Any CPU
		{7901F7FF-FB76-4A4C-8DCA-F74543624130}.Debug|x86.ActiveCfg = Debug|Any CPU
		{7901F7FF-FB76-4A4C-8DCA-F74543624130}.Debug|x86.Build.0 = Debug|Any CPU
		{7901F7FF-FB76-4A4C-8DCA-F74543624130}.Release|Any CPU.ActiveCfg = Release|Any CPU
		{7901F7FF-FB76-4A4C-8DCA-F74543624130}.Release|Any CPU.Build.0 = Release|Any CPU
		{7901F7FF-FB76-4A4C-8DCA-F74543624130}.Release|x64.ActiveCfg = Release|Any CPU
		{7901F7FF-FB76-4A4C-8DCA-F74543624130}.Release|x64.Build.0 = Release|Any CPU
		{7901F7FF-FB76-4A4C-8DCA-F74543624130}.Release|x86.ActiveCfg = Release|Any CPU
		{7901F7FF-FB76-4A4C-8DCA-F74543624130}.Release|x86.Build.0 = Release|Any CPU
		{C4114AC1-72E8-46DA-9B4B-A4C942004492}.Debug|Any CPU.ActiveCfg = Debug|Any CPU
		{C4114AC1-72E8-46DA-9B4B-A4C942004492}.Debug|Any CPU.Build.0 = Debug|Any CPU
		{C4114AC1-72E8-46DA-9B4B-A4C942004492}.Debug|x64.ActiveCfg = Debug|Any CPU
		{C4114AC1-72E8-46DA-9B4B-A4C942004492}.Debug|x64.Build.0 = Debug|Any CPU
		{C4114AC1-72E8-46DA-9B4B-A4C942004492}.Debug|x86.ActiveCfg = Debug|Any CPU
		{C4114AC1-72E8-46DA-9B4B-A4C942004492}.Debug|x86.Build.0 = Debug|Any CPU
		{C4114AC1-72E8-46DA-9B4B-A4C942004492}.Release|Any CPU.ActiveCfg = Release|Any CPU
		{C4114AC1-72E8-46DA-9B4B-A4C942004492}.Release|Any CPU.Build.0 = Release|Any CPU
		{C4114AC1-72E8-46DA-9B4B-A4C942004492}.Release|x64.ActiveCfg = Release|Any CPU
		{C4114AC1-72E8-46DA-9B4B-A4C942004492}.Release|x64.Build.0 = Release|Any CPU
		{C4114AC1-72E8-46DA-9B4B-A4C942004492}.Release|x86.ActiveCfg = Release|Any CPU
		{C4114AC1-72E8-46DA-9B4B-A4C942004492}.Release|x86.Build.0 = Release|Any CPU
		{4820B9B7-00E6-4E0C-B93A-83BB98C1EE99}.Debug|Any CPU.ActiveCfg = Debug|Any CPU
		{4820B9B7-00E6-4E0C-B93A-83BB98C1EE99}.Debug|Any CPU.Build.0 = Debug|Any CPU
		{4820B9B7-00E6-4E0C-B93A-83BB98C1EE99}.Debug|x64.ActiveCfg = Debug|Any CPU
		{4820B9B7-00E6-4E0C-B93A-83BB98C1EE99}.Debug|x64.Build.0 = Debug|Any CPU
		{4820B9B7-00E6-4E0C-B93A-83BB98C1EE99}.Debug|x86.ActiveCfg = Debug|Any CPU
		{4820B9B7-00E6-4E0C-B93A-83BB98C1EE99}.Debug|x86.Build.0 = Debug|Any CPU
		{4820B9B7-00E6-4E0C-B93A-83BB98C1EE99}.Release|Any CPU.ActiveCfg = Release|Any CPU
		{4820B9B7-00E6-4E0C-B93A-83BB98C1EE99}.Release|Any CPU.Build.0 = Release|Any CPU
		{4820B9B7-00E6-4E0C-B93A-83BB98C1EE99}.Release|x64.ActiveCfg = Release|Any CPU
		{4820B9B7-00E6-4E0C-B93A-83BB98C1EE99}.Release|x64.Build.0 = Release|Any CPU
		{4820B9B7-00E6-4E0C-B93A-83BB98C1EE99}.Release|x86.ActiveCfg = Release|Any CPU
		{4820B9B7-00E6-4E0C-B93A-83BB98C1EE99}.Release|x86.Build.0 = Release|Any CPU
		{F1884ADF-6412-4E9B-81FD-357DC5761ADF}.Debug|Any CPU.ActiveCfg = Debug|Any CPU
		{F1884ADF-6412-4E9B-81FD-357DC5761ADF}.Debug|Any CPU.Build.0 = Debug|Any CPU
		{F1884ADF-6412-4E9B-81FD-357DC5761ADF}.Debug|x64.ActiveCfg = Debug|Any CPU
		{F1884ADF-6412-4E9B-81FD-357DC5761ADF}.Debug|x64.Build.0 = Debug|Any CPU
		{F1884ADF-6412-4E9B-81FD-357DC5761ADF}.Debug|x86.ActiveCfg = Debug|Any CPU
		{F1884ADF-6412-4E9B-81FD-357DC5761ADF}.Debug|x86.Build.0 = Debug|Any CPU
		{F1884ADF-6412-4E9B-81FD-357DC5761ADF}.Release|Any CPU.ActiveCfg = Release|Any CPU
		{F1884ADF-6412-4E9B-81FD-357DC5761ADF}.Release|Any CPU.Build.0 = Release|Any CPU
		{F1884ADF-6412-4E9B-81FD-357DC5761ADF}.Release|x64.ActiveCfg = Release|Any CPU
		{F1884ADF-6412-4E9B-81FD-357DC5761ADF}.Release|x64.Build.0 = Release|Any CPU
		{F1884ADF-6412-4E9B-81FD-357DC5761ADF}.Release|x86.ActiveCfg = Release|Any CPU
		{F1884ADF-6412-4E9B-81FD-357DC5761ADF}.Release|x86.Build.0 = Release|Any CPU
		{7C9C7375-6FC0-4704-9332-1F74CDF41D11}.Debug|Any CPU.ActiveCfg = Debug|Any CPU
		{7C9C7375-6FC0-4704-9332-1F74CDF41D11}.Debug|Any CPU.Build.0 = Debug|Any CPU
		{7C9C7375-6FC0-4704-9332-1F74CDF41D11}.Debug|x64.ActiveCfg = Debug|Any CPU
		{7C9C7375-6FC0-4704-9332-1F74CDF41D11}.Debug|x64.Build.0 = Debug|Any CPU
		{7C9C7375-6FC0-4704-9332-1F74CDF41D11}.Debug|x86.ActiveCfg = Debug|Any CPU
		{7C9C7375-6FC0-4704-9332-1F74CDF41D11}.Debug|x86.Build.0 = Debug|Any CPU
		{7C9C7375-6FC0-4704-9332-1F74CDF41D11}.Release|Any CPU.ActiveCfg = Release|Any CPU
		{7C9C7375-6FC0-4704-9332-1F74CDF41D11}.Release|Any CPU.Build.0 = Release|Any CPU
		{7C9C7375-6FC0-4704-9332-1F74CDF41D11}.Release|x64.ActiveCfg = Release|Any CPU
		{7C9C7375-6FC0-4704-9332-1F74CDF41D11}.Release|x64.Build.0 = Release|Any CPU
		{7C9C7375-6FC0-4704-9332-1F74CDF41D11}.Release|x86.ActiveCfg = Release|Any CPU
		{7C9C7375-6FC0-4704-9332-1F74CDF41D11}.Release|x86.Build.0 = Release|Any CPU
		{055C66A7-640C-49BB-81A7-28E630F51C37}.Debug|Any CPU.ActiveCfg = Debug|Any CPU
		{055C66A7-640C-49BB-81A7-28E630F51C37}.Debug|Any CPU.Build.0 = Debug|Any CPU
		{055C66A7-640C-49BB-81A7-28E630F51C37}.Debug|x64.ActiveCfg = Debug|Any CPU
		{055C66A7-640C-49BB-81A7-28E630F51C37}.Debug|x64.Build.0 = Debug|Any CPU
		{055C66A7-640C-49BB-81A7-28E630F51C37}.Debug|x86.ActiveCfg = Debug|Any CPU
		{055C66A7-640C-49BB-81A7-28E630F51C37}.Debug|x86.Build.0 = Debug|Any CPU
		{055C66A7-640C-49BB-81A7-28E630F51C37}.Release|Any CPU.ActiveCfg = Release|Any CPU
		{055C66A7-640C-49BB-81A7-28E630F51C37}.Release|Any CPU.Build.0 = Release|Any CPU
		{055C66A7-640C-49BB-81A7-28E630F51C37}.Release|x64.ActiveCfg = Release|Any CPU
		{055C66A7-640C-49BB-81A7-28E630F51C37}.Release|x64.Build.0 = Release|Any CPU
		{055C66A7-640C-49BB-81A7-28E630F51C37}.Release|x86.ActiveCfg = Release|Any CPU
		{055C66A7-640C-49BB-81A7-28E630F51C37}.Release|x86.Build.0 = Release|Any CPU
		{D33E1AC5-8946-4D6F-A6D3-D81F98E4F86B}.Debug|Any CPU.ActiveCfg = Debug|Any CPU
		{D33E1AC5-8946-4D6F-A6D3-D81F98E4F86B}.Debug|Any CPU.Build.0 = Debug|Any CPU
		{D33E1AC5-8946-4D6F-A6D3-D81F98E4F86B}.Debug|x64.ActiveCfg = Debug|Any CPU
		{D33E1AC5-8946-4D6F-A6D3-D81F98E4F86B}.Debug|x64.Build.0 = Debug|Any CPU
		{D33E1AC5-8946-4D6F-A6D3-D81F98E4F86B}.Debug|x86.ActiveCfg = Debug|Any CPU
		{D33E1AC5-8946-4D6F-A6D3-D81F98E4F86B}.Debug|x86.Build.0 = Debug|Any CPU
		{D33E1AC5-8946-4D6F-A6D3-D81F98E4F86B}.Release|Any CPU.ActiveCfg = Release|Any CPU
		{D33E1AC5-8946-4D6F-A6D3-D81F98E4F86B}.Release|Any CPU.Build.0 = Release|Any CPU
		{D33E1AC5-8946-4D6F-A6D3-D81F98E4F86B}.Release|x64.ActiveCfg = Release|Any CPU
		{D33E1AC5-8946-4D6F-A6D3-D81F98E4F86B}.Release|x64.Build.0 = Release|Any CPU
		{D33E1AC5-8946-4D6F-A6D3-D81F98E4F86B}.Release|x86.ActiveCfg = Release|Any CPU
		{D33E1AC5-8946-4D6F-A6D3-D81F98E4F86B}.Release|x86.Build.0 = Release|Any CPU
		{564CAD6F-09B1-450B-83ED-9BCDE106B646}.Debug|Any CPU.ActiveCfg = Debug|Any CPU
		{564CAD6F-09B1-450B-83ED-9BCDE106B646}.Debug|Any CPU.Build.0 = Debug|Any CPU
		{564CAD6F-09B1-450B-83ED-9BCDE106B646}.Debug|x64.ActiveCfg = Debug|Any CPU
		{564CAD6F-09B1-450B-83ED-9BCDE106B646}.Debug|x64.Build.0 = Debug|Any CPU
		{564CAD6F-09B1-450B-83ED-9BCDE106B646}.Debug|x86.ActiveCfg = Debug|Any CPU
		{564CAD6F-09B1-450B-83ED-9BCDE106B646}.Debug|x86.Build.0 = Debug|Any CPU
		{564CAD6F-09B1-450B-83ED-9BCDE106B646}.Release|Any CPU.ActiveCfg = Release|Any CPU
		{564CAD6F-09B1-450B-83ED-9BCDE106B646}.Release|Any CPU.Build.0 = Release|Any CPU
		{564CAD6F-09B1-450B-83ED-9BCDE106B646}.Release|x64.ActiveCfg = Release|Any CPU
		{564CAD6F-09B1-450B-83ED-9BCDE106B646}.Release|x64.Build.0 = Release|Any CPU
		{564CAD6F-09B1-450B-83ED-9BCDE106B646}.Release|x86.ActiveCfg = Release|Any CPU
		{564CAD6F-09B1-450B-83ED-9BCDE106B646}.Release|x86.Build.0 = Release|Any CPU
	EndGlobalSection
	GlobalSection(SolutionProperties) = preSolution
		HideSolutionNode = FALSE
	EndGlobalSection
	GlobalSection(NestedProjects) = preSolution
		{8CCDB0CD-DFB2-492E-B1A2-8DD030F923D3} = {01B5E872-271F-4D30-A1AA-AD48D81840C5}
		{1A10C624-48E5-425D-938E-31A4CC7AC687} = {C6A8760D-92CB-4307-88A7-36CCAEBA4AD1}
		{9BC56B40-64E3-4A8F-AD49-C52857A35026} = {C6A8760D-92CB-4307-88A7-36CCAEBA4AD1}
		{C61EBDB6-053C-48C3-B896-58642639C93F} = {54A49AC2-55B3-4156-8023-41C56719EBB5}
		{C4DAFD83-C6DC-4597-AA1F-BA2F3ABB612C} = {54A49AC2-55B3-4156-8023-41C56719EBB5}
		{86B4ED0C-CD28-4C6C-B58E-B4B1F7AAD683} = {54A49AC2-55B3-4156-8023-41C56719EBB5}
		{CF03BCEA-EB5B-427F-8576-7DA7EB869BDC} = {54A49AC2-55B3-4156-8023-41C56719EBB5}
		{7901F7FF-FB76-4A4C-8DCA-F74543624130} = {1C785A74-19B9-42D2-93B1-F4EC9D6A8CFD}
		{C4114AC1-72E8-46DA-9B4B-A4C942004492} = {1C785A74-19B9-42D2-93B1-F4EC9D6A8CFD}
		{4820B9B7-00E6-4E0C-B93A-83BB98C1EE99} = {1C785A74-19B9-42D2-93B1-F4EC9D6A8CFD}
		{F1884ADF-6412-4E9B-81FD-357DC5761ADF} = {1C785A74-19B9-42D2-93B1-F4EC9D6A8CFD}
		{7C9C7375-6FC0-4704-9332-1F74CDF41D11} = {01B5E872-271F-4D30-A1AA-AD48D81840C5}
		{055C66A7-640C-49BB-81A7-28E630F51C37} = {99E72557-BCE9-496A-B49C-79537B0E6063}
		{D33E1AC5-8946-4D6F-A6D3-D81F98E4F86B} = {99E72557-BCE9-496A-B49C-79537B0E6063}
		{564CAD6F-09B1-450B-83ED-9BCDE106B646} = {3A6D13E3-4BBA-4B3D-AE99-BAC8B375F7DF}
	EndGlobalSection
	GlobalSection(ExtensibilityGlobals) = postSolution
		SolutionGuid = {C5F46653-4DEC-429B-8580-4ED18ED9B4CA}
	EndGlobalSection
EndGlobal
