
Microsoft Visual Studio Solution File, Format Version 12.00
# Visual Studio Version 17
VisualStudioVersion = 17.0.32014.148
MinimumVisualStudioVersion = 10.0.40219.1
Project("{9A19103F-16F7-4668-BE54-9A1E7A4F7556}") = "NosSmooth.Core", "Core\NosSmooth.Core\NosSmooth.Core.csproj", "{8CCDB0CD-DFB2-492E-B1A2-8DD030F923D3}"
EndProject
Project("{9A19103F-16F7-4668-BE54-9A1E7A4F7556}") = "NosSmooth.Game", "Core\NosSmooth.Game\NosSmooth.Game.csproj", "{19666500-4636-4400-8855-496317F4A7F7}"
EndProject
Project("{2150E333-8FDC-42A3-9474-1A3956D46DE8}") = "Samples", "Samples", "{F20FE754-FDEA-4F3A-93D4-0750CB9EBB33}"
EndProject
Project("{2150E333-8FDC-42A3-9474-1A3956D46DE8}") = "Local", "Local", "{6078AE6E-7CD0-48E4-84E0-EB164D8881DA}"
EndProject
Project("{9A19103F-16F7-4668-BE54-9A1E7A4F7556}") = "NosSmooth.LocalClient", "Local\NosSmooth.LocalClient\NosSmooth.LocalClient.csproj", "{46D0A205-CA30-41CC-9A80-10B543FBD344}"
EndProject
Project("{2150E333-8FDC-42A3-9474-1A3956D46DE8}") = "Remote", "Remote", "{F9EFA63C-0A88-45EB-B36F-C4A9D63BDFD1}"
EndProject
Project("{9A19103F-16F7-4668-BE54-9A1E7A4F7556}") = "NosSmooth.Cryptography", "Remote\NosSmooth.Cryptography\NosSmooth.Cryptography.csproj", "{05E3039D-EDF6-4CDC-B062-CB67760ACB5F}"
EndProject
Project("{9A19103F-16F7-4668-BE54-9A1E7A4F7556}") = "NosSmooth.Language", "Core\NosSmooth.Language\NosSmooth.Language.csproj", "{06F03B1F-F68A-4C5B-B7FE-128A7CE1A1D7}"
EndProject
Project("{9A19103F-16F7-4668-BE54-9A1E7A4F7556}") = "NosSmooth.Extensions", "Core\NosSmooth.Extensions\NosSmooth.Extensions.csproj", "{B6C23EA5-55FE-436A-96EA-FE2974C5881D}"
EndProject
Project("{2150E333-8FDC-42A3-9474-1A3956D46DE8}") = "Core", "Core", "{01B5E872-271F-4D30-A1AA-AD48D81840C5}"
EndProject
Project("{2150E333-8FDC-42A3-9474-1A3956D46DE8}") = ".metadata", ".metadata", "{FA63BCED-9D81-4FF7-BA75-A6F3BA31ECDE}"
	ProjectSection(SolutionItems) = preProject
		Directory.build.props = Directory.build.props
	EndProjectSection
EndProject
Project("{9A19103F-16F7-4668-BE54-9A1E7A4F7556}") = "SimpleChat", "Samples\SimpleChat\SimpleChat.csproj", "{4017A4F4-5E59-48AA-A7D0-A8518148933A}"
EndProject
Project("{2150E333-8FDC-42A3-9474-1A3956D46DE8}") = "Tests", "Tests", "{C6A8760D-92CB-4307-88A7-36CCAEBA4AD1}"
EndProject
Project("{FAE04EC0-301F-11D3-BF4B-00C04F79EFBC}") = "NosCore.Packets.Tests", "libs\NosCore.Packets\test\NosCore.Packets.Tests\NosCore.Packets.Tests.csproj", "{726188BA-F0EA-4ECA-ACF4-CCC066464FF0}"
EndProject
Project("{9A19103F-16F7-4668-BE54-9A1E7A4F7556}") = "InterceptNameChanger", "Samples\InterceptNameChanger\InterceptNameChanger.csproj", "{F96F3AA0-131E-4B6B-AB21-BBE2DEBCEF3A}"
EndProject
Project("{2150E333-8FDC-42A3-9474-1A3956D46DE8}") = "LowLevel", "LowLevel", "{9025731C-084E-4E82-8CD4-0F52D3AA1F54}"
EndProject
Project("{9A19103F-16F7-4668-BE54-9A1E7A4F7556}") = "WalkCommands", "Samples\WalkCommands\WalkCommands.csproj", "{18A62EF6-ADDA-4224-90AB-2D5DCFC95D3E}"
EndProject
Project("{9A19103F-16F7-4668-BE54-9A1E7A4F7556}") = "NosSmooth.Core.Tests", "Tests\NosSmooth.Core.Tests\NosSmooth.Core.Tests.csproj", "{1A10C624-48E5-425D-938E-31A4CC7AC687}"
EndProject
Project("{9A19103F-16F7-4668-BE54-9A1E7A4F7556}") = "NosSmooth.Packets", "Packets\NosSmooth.PacketSerializer\NosSmooth.PacketSerializer.csproj", "{C4DAFD83-C6DC-4597-AA1F-BA2F3ABB612C}"
EndProject
Project("{9A19103F-16F7-4668-BE54-9A1E7A4F7556}") = "NosSmooth.PacketSerializersGenerator", "Packets\NosSmooth.PacketSerializersGenerator\NosSmooth.PacketSerializersGenerator.csproj", "{C61EBDB6-053C-48C3-B896-58642639C93F}"
EndProject
Project("{9A19103F-16F7-4668-BE54-9A1E7A4F7556}") = "NosSmooth.Packets.Tests", "Tests\NosSmooth.Packets.Tests\NosSmooth.Packets.Tests.csproj", "{9BC56B40-64E3-4A8F-AD49-C52857A35026}"
EndProject
Project("{8BC9CEB8-8B4A-11D0-8D11-00A0C91BC942}") = "NosSmooth.Inject", "Local\NosSmooth.Inject\NosSmooth.Inject.vcxproj", "{CA2873D8-BD0B-4583-818D-B94A3C2ABBA3}"
EndProject
Project("{9A19103F-16F7-4668-BE54-9A1E7A4F7556}") = "NosSmooth.Injector.CLI", "Local\NosSmooth.Injector.CLI\NosSmooth.Injector.CLI.csproj", "{5D351C91-C631-40F6-82D2-F8D68468B076}"
EndProject
Project("{FAE04EC0-301F-11D3-BF4B-00C04F79EFBC}") = "NosSmooth.Injector", "Local\NosSmooth.Injector\NosSmooth.Injector.csproj", "{7B68DE7D-159B-42A7-8CF8-69F156CD04DE}"
EndProject
Project("{FAE04EC0-301F-11D3-BF4B-00C04F79EFBC}") = "NosSmooth.LocalBinding", "Local\NosSmooth.LocalBinding\NosSmooth.LocalBinding.csproj", "{BC0DCD32-E917-4187-8CF3-970D17301ED3}"
EndProject
Project("{2150E333-8FDC-42A3-9474-1A3956D46DE8}") = "Packets", "Packets", "{54A49AC2-55B3-4156-8023-41C56719EBB5}"
EndProject
Project("{FAE04EC0-301F-11D3-BF4B-00C04F79EFBC}") = "NosSmooth.Packets", "Packets\NosSmooth.Packets\NosSmooth.Packets.csproj", "{86B4ED0C-CD28-4C6C-B58E-B4B1F7AAD683}"
EndProject
Project("{FAE04EC0-301F-11D3-BF4B-00C04F79EFBC}") = "NosSmooth.PacketSerializer.Abstractions", "Packets\NosSmooth.PacketSerializer.Abstractions\NosSmooth.PacketSerializer.Abstractions.csproj", "{CF03BCEA-EB5B-427F-8576-7DA7EB869BDC}"
EndProject
Project("{FAE04EC0-301F-11D3-BF4B-00C04F79EFBC}") = "NosSmooth.ChatCommands", "Local\NosSmooth.ChatCommands\NosSmooth.ChatCommands.csproj", "{7DC7FC22-EFA6-4EB0-8E75-99F746E50F6E}"
EndProject
Global
	GlobalSection(SolutionConfigurationPlatforms) = preSolution
		Debug|Any CPU = Debug|Any CPU
		Debug|x64 = Debug|x64
		Debug|x86 = Debug|x86
		Release|Any CPU = Release|Any CPU
		Release|x64 = Release|x64
		Release|x86 = Release|x86
	EndGlobalSection
	GlobalSection(ProjectConfigurationPlatforms) = postSolution
		{8CCDB0CD-DFB2-492E-B1A2-8DD030F923D3}.Debug|Any CPU.ActiveCfg = Debug|Any CPU
		{8CCDB0CD-DFB2-492E-B1A2-8DD030F923D3}.Debug|Any CPU.Build.0 = Debug|Any CPU
		{8CCDB0CD-DFB2-492E-B1A2-8DD030F923D3}.Debug|x64.ActiveCfg = Debug|Any CPU
		{8CCDB0CD-DFB2-492E-B1A2-8DD030F923D3}.Debug|x64.Build.0 = Debug|Any CPU
		{8CCDB0CD-DFB2-492E-B1A2-8DD030F923D3}.Debug|x86.ActiveCfg = Debug|Any CPU
		{8CCDB0CD-DFB2-492E-B1A2-8DD030F923D3}.Debug|x86.Build.0 = Debug|Any CPU
		{8CCDB0CD-DFB2-492E-B1A2-8DD030F923D3}.Release|Any CPU.ActiveCfg = Release|Any CPU
		{8CCDB0CD-DFB2-492E-B1A2-8DD030F923D3}.Release|Any CPU.Build.0 = Release|Any CPU
		{8CCDB0CD-DFB2-492E-B1A2-8DD030F923D3}.Release|x64.ActiveCfg = Release|Any CPU
		{8CCDB0CD-DFB2-492E-B1A2-8DD030F923D3}.Release|x64.Build.0 = Release|Any CPU
		{8CCDB0CD-DFB2-492E-B1A2-8DD030F923D3}.Release|x86.ActiveCfg = Release|Any CPU
		{8CCDB0CD-DFB2-492E-B1A2-8DD030F923D3}.Release|x86.Build.0 = Release|Any CPU
		{19666500-4636-4400-8855-496317F4A7F7}.Debug|Any CPU.ActiveCfg = Debug|Any CPU
		{19666500-4636-4400-8855-496317F4A7F7}.Debug|Any CPU.Build.0 = Debug|Any CPU
		{19666500-4636-4400-8855-496317F4A7F7}.Debug|x64.ActiveCfg = Debug|Any CPU
		{19666500-4636-4400-8855-496317F4A7F7}.Debug|x64.Build.0 = Debug|Any CPU
		{19666500-4636-4400-8855-496317F4A7F7}.Debug|x86.ActiveCfg = Debug|Any CPU
		{19666500-4636-4400-8855-496317F4A7F7}.Debug|x86.Build.0 = Debug|Any CPU
		{19666500-4636-4400-8855-496317F4A7F7}.Release|Any CPU.ActiveCfg = Release|Any CPU
		{19666500-4636-4400-8855-496317F4A7F7}.Release|Any CPU.Build.0 = Release|Any CPU
		{19666500-4636-4400-8855-496317F4A7F7}.Release|x64.ActiveCfg = Release|Any CPU
		{19666500-4636-4400-8855-496317F4A7F7}.Release|x64.Build.0 = Release|Any CPU
		{19666500-4636-4400-8855-496317F4A7F7}.Release|x86.ActiveCfg = Release|Any CPU
		{19666500-4636-4400-8855-496317F4A7F7}.Release|x86.Build.0 = Release|Any CPU
		{46D0A205-CA30-41CC-9A80-10B543FBD344}.Debug|Any CPU.ActiveCfg = Debug|Any CPU
		{46D0A205-CA30-41CC-9A80-10B543FBD344}.Debug|Any CPU.Build.0 = Debug|Any CPU
		{46D0A205-CA30-41CC-9A80-10B543FBD344}.Debug|x64.ActiveCfg = Debug|Any CPU
		{46D0A205-CA30-41CC-9A80-10B543FBD344}.Debug|x64.Build.0 = Debug|Any CPU
		{46D0A205-CA30-41CC-9A80-10B543FBD344}.Debug|x86.ActiveCfg = Debug|Any CPU
		{46D0A205-CA30-41CC-9A80-10B543FBD344}.Debug|x86.Build.0 = Debug|Any CPU
		{46D0A205-CA30-41CC-9A80-10B543FBD344}.Release|Any CPU.ActiveCfg = Release|Any CPU
		{46D0A205-CA30-41CC-9A80-10B543FBD344}.Release|Any CPU.Build.0 = Release|Any CPU
		{46D0A205-CA30-41CC-9A80-10B543FBD344}.Release|x64.ActiveCfg = Release|Any CPU
		{46D0A205-CA30-41CC-9A80-10B543FBD344}.Release|x64.Build.0 = Release|Any CPU
		{46D0A205-CA30-41CC-9A80-10B543FBD344}.Release|x86.ActiveCfg = Release|Any CPU
		{46D0A205-CA30-41CC-9A80-10B543FBD344}.Release|x86.Build.0 = Release|Any CPU
		{05E3039D-EDF6-4CDC-B062-CB67760ACB5F}.Debug|Any CPU.ActiveCfg = Debug|Any CPU
		{05E3039D-EDF6-4CDC-B062-CB67760ACB5F}.Debug|Any CPU.Build.0 = Debug|Any CPU
		{05E3039D-EDF6-4CDC-B062-CB67760ACB5F}.Debug|x64.ActiveCfg = Debug|Any CPU
		{05E3039D-EDF6-4CDC-B062-CB67760ACB5F}.Debug|x64.Build.0 = Debug|Any CPU
		{05E3039D-EDF6-4CDC-B062-CB67760ACB5F}.Debug|x86.ActiveCfg = Debug|Any CPU
		{05E3039D-EDF6-4CDC-B062-CB67760ACB5F}.Debug|x86.Build.0 = Debug|Any CPU
		{05E3039D-EDF6-4CDC-B062-CB67760ACB5F}.Release|Any CPU.ActiveCfg = Release|Any CPU
		{05E3039D-EDF6-4CDC-B062-CB67760ACB5F}.Release|Any CPU.Build.0 = Release|Any CPU
		{05E3039D-EDF6-4CDC-B062-CB67760ACB5F}.Release|x64.ActiveCfg = Release|Any CPU
		{05E3039D-EDF6-4CDC-B062-CB67760ACB5F}.Release|x64.Build.0 = Release|Any CPU
		{05E3039D-EDF6-4CDC-B062-CB67760ACB5F}.Release|x86.ActiveCfg = Release|Any CPU
		{05E3039D-EDF6-4CDC-B062-CB67760ACB5F}.Release|x86.Build.0 = Release|Any CPU
		{06F03B1F-F68A-4C5B-B7FE-128A7CE1A1D7}.Debug|Any CPU.ActiveCfg = Debug|Any CPU
		{06F03B1F-F68A-4C5B-B7FE-128A7CE1A1D7}.Debug|Any CPU.Build.0 = Debug|Any CPU
		{06F03B1F-F68A-4C5B-B7FE-128A7CE1A1D7}.Debug|x64.ActiveCfg = Debug|Any CPU
		{06F03B1F-F68A-4C5B-B7FE-128A7CE1A1D7}.Debug|x64.Build.0 = Debug|Any CPU
		{06F03B1F-F68A-4C5B-B7FE-128A7CE1A1D7}.Debug|x86.ActiveCfg = Debug|Any CPU
		{06F03B1F-F68A-4C5B-B7FE-128A7CE1A1D7}.Debug|x86.Build.0 = Debug|Any CPU
		{06F03B1F-F68A-4C5B-B7FE-128A7CE1A1D7}.Release|Any CPU.ActiveCfg = Release|Any CPU
		{06F03B1F-F68A-4C5B-B7FE-128A7CE1A1D7}.Release|Any CPU.Build.0 = Release|Any CPU
		{06F03B1F-F68A-4C5B-B7FE-128A7CE1A1D7}.Release|x64.ActiveCfg = Release|Any CPU
		{06F03B1F-F68A-4C5B-B7FE-128A7CE1A1D7}.Release|x64.Build.0 = Release|Any CPU
		{06F03B1F-F68A-4C5B-B7FE-128A7CE1A1D7}.Release|x86.ActiveCfg = Release|Any CPU
		{06F03B1F-F68A-4C5B-B7FE-128A7CE1A1D7}.Release|x86.Build.0 = Release|Any CPU
		{B6C23EA5-55FE-436A-96EA-FE2974C5881D}.Debug|Any CPU.ActiveCfg = Debug|Any CPU
		{B6C23EA5-55FE-436A-96EA-FE2974C5881D}.Debug|Any CPU.Build.0 = Debug|Any CPU
		{B6C23EA5-55FE-436A-96EA-FE2974C5881D}.Debug|x64.ActiveCfg = Debug|Any CPU
		{B6C23EA5-55FE-436A-96EA-FE2974C5881D}.Debug|x64.Build.0 = Debug|Any CPU
		{B6C23EA5-55FE-436A-96EA-FE2974C5881D}.Debug|x86.ActiveCfg = Debug|Any CPU
		{B6C23EA5-55FE-436A-96EA-FE2974C5881D}.Debug|x86.Build.0 = Debug|Any CPU
		{B6C23EA5-55FE-436A-96EA-FE2974C5881D}.Release|Any CPU.ActiveCfg = Release|Any CPU
		{B6C23EA5-55FE-436A-96EA-FE2974C5881D}.Release|Any CPU.Build.0 = Release|Any CPU
		{B6C23EA5-55FE-436A-96EA-FE2974C5881D}.Release|x64.ActiveCfg = Release|Any CPU
		{B6C23EA5-55FE-436A-96EA-FE2974C5881D}.Release|x64.Build.0 = Release|Any CPU
		{B6C23EA5-55FE-436A-96EA-FE2974C5881D}.Release|x86.ActiveCfg = Release|Any CPU
		{B6C23EA5-55FE-436A-96EA-FE2974C5881D}.Release|x86.Build.0 = Release|Any CPU
		{4017A4F4-5E59-48AA-A7D0-A8518148933A}.Debug|Any CPU.ActiveCfg = Debug|Any CPU
		{4017A4F4-5E59-48AA-A7D0-A8518148933A}.Debug|Any CPU.Build.0 = Debug|Any CPU
		{4017A4F4-5E59-48AA-A7D0-A8518148933A}.Debug|x64.ActiveCfg = Debug|Any CPU
		{4017A4F4-5E59-48AA-A7D0-A8518148933A}.Debug|x64.Build.0 = Debug|Any CPU
		{4017A4F4-5E59-48AA-A7D0-A8518148933A}.Debug|x86.ActiveCfg = Debug|Any CPU
		{4017A4F4-5E59-48AA-A7D0-A8518148933A}.Debug|x86.Build.0 = Debug|Any CPU
		{4017A4F4-5E59-48AA-A7D0-A8518148933A}.Release|Any CPU.ActiveCfg = Release|Any CPU
		{4017A4F4-5E59-48AA-A7D0-A8518148933A}.Release|Any CPU.Build.0 = Release|Any CPU
		{4017A4F4-5E59-48AA-A7D0-A8518148933A}.Release|x64.ActiveCfg = Release|Any CPU
		{4017A4F4-5E59-48AA-A7D0-A8518148933A}.Release|x64.Build.0 = Release|Any CPU
		{4017A4F4-5E59-48AA-A7D0-A8518148933A}.Release|x86.ActiveCfg = Release|Any CPU
		{4017A4F4-5E59-48AA-A7D0-A8518148933A}.Release|x86.Build.0 = Release|Any CPU
		{726188BA-F0EA-4ECA-ACF4-CCC066464FF0}.Debug|Any CPU.ActiveCfg = Debug|Any CPU
		{726188BA-F0EA-4ECA-ACF4-CCC066464FF0}.Debug|Any CPU.Build.0 = Debug|Any CPU
		{726188BA-F0EA-4ECA-ACF4-CCC066464FF0}.Debug|x64.ActiveCfg = Debug|Any CPU
		{726188BA-F0EA-4ECA-ACF4-CCC066464FF0}.Debug|x64.Build.0 = Debug|Any CPU
		{726188BA-F0EA-4ECA-ACF4-CCC066464FF0}.Debug|x86.ActiveCfg = Debug|Any CPU
		{726188BA-F0EA-4ECA-ACF4-CCC066464FF0}.Debug|x86.Build.0 = Debug|Any CPU
		{726188BA-F0EA-4ECA-ACF4-CCC066464FF0}.Release|Any CPU.ActiveCfg = Release|Any CPU
		{726188BA-F0EA-4ECA-ACF4-CCC066464FF0}.Release|Any CPU.Build.0 = Release|Any CPU
		{726188BA-F0EA-4ECA-ACF4-CCC066464FF0}.Release|x64.ActiveCfg = Release|Any CPU
		{726188BA-F0EA-4ECA-ACF4-CCC066464FF0}.Release|x64.Build.0 = Release|Any CPU
		{726188BA-F0EA-4ECA-ACF4-CCC066464FF0}.Release|x86.ActiveCfg = Release|Any CPU
		{726188BA-F0EA-4ECA-ACF4-CCC066464FF0}.Release|x86.Build.0 = Release|Any CPU
		{F96F3AA0-131E-4B6B-AB21-BBE2DEBCEF3A}.Debug|Any CPU.ActiveCfg = Debug|Any CPU
		{F96F3AA0-131E-4B6B-AB21-BBE2DEBCEF3A}.Debug|Any CPU.Build.0 = Debug|Any CPU
		{F96F3AA0-131E-4B6B-AB21-BBE2DEBCEF3A}.Debug|x64.ActiveCfg = Debug|Any CPU
		{F96F3AA0-131E-4B6B-AB21-BBE2DEBCEF3A}.Debug|x64.Build.0 = Debug|Any CPU
		{F96F3AA0-131E-4B6B-AB21-BBE2DEBCEF3A}.Debug|x86.ActiveCfg = Debug|Any CPU
		{F96F3AA0-131E-4B6B-AB21-BBE2DEBCEF3A}.Debug|x86.Build.0 = Debug|Any CPU
		{F96F3AA0-131E-4B6B-AB21-BBE2DEBCEF3A}.Release|Any CPU.ActiveCfg = Release|Any CPU
		{F96F3AA0-131E-4B6B-AB21-BBE2DEBCEF3A}.Release|Any CPU.Build.0 = Release|Any CPU
		{F96F3AA0-131E-4B6B-AB21-BBE2DEBCEF3A}.Release|x64.ActiveCfg = Release|Any CPU
		{F96F3AA0-131E-4B6B-AB21-BBE2DEBCEF3A}.Release|x64.Build.0 = Release|Any CPU
		{F96F3AA0-131E-4B6B-AB21-BBE2DEBCEF3A}.Release|x86.ActiveCfg = Release|Any CPU
		{F96F3AA0-131E-4B6B-AB21-BBE2DEBCEF3A}.Release|x86.Build.0 = Release|Any CPU
		{18A62EF6-ADDA-4224-90AB-2D5DCFC95D3E}.Debug|Any CPU.ActiveCfg = Debug|Any CPU
		{18A62EF6-ADDA-4224-90AB-2D5DCFC95D3E}.Debug|Any CPU.Build.0 = Debug|Any CPU
		{18A62EF6-ADDA-4224-90AB-2D5DCFC95D3E}.Debug|x64.ActiveCfg = Debug|Any CPU
		{18A62EF6-ADDA-4224-90AB-2D5DCFC95D3E}.Debug|x64.Build.0 = Debug|Any CPU
		{18A62EF6-ADDA-4224-90AB-2D5DCFC95D3E}.Debug|x86.ActiveCfg = Debug|Any CPU
		{18A62EF6-ADDA-4224-90AB-2D5DCFC95D3E}.Debug|x86.Build.0 = Debug|Any CPU
		{18A62EF6-ADDA-4224-90AB-2D5DCFC95D3E}.Release|Any CPU.ActiveCfg = Release|Any CPU
		{18A62EF6-ADDA-4224-90AB-2D5DCFC95D3E}.Release|Any CPU.Build.0 = Release|Any CPU
		{18A62EF6-ADDA-4224-90AB-2D5DCFC95D3E}.Release|x64.ActiveCfg = Release|Any CPU
		{18A62EF6-ADDA-4224-90AB-2D5DCFC95D3E}.Release|x64.Build.0 = Release|Any CPU
		{18A62EF6-ADDA-4224-90AB-2D5DCFC95D3E}.Release|x86.ActiveCfg = Release|Any CPU
		{18A62EF6-ADDA-4224-90AB-2D5DCFC95D3E}.Release|x86.Build.0 = Release|Any CPU
		{1A10C624-48E5-425D-938E-31A4CC7AC687}.Debug|Any CPU.ActiveCfg = Debug|Any CPU
		{1A10C624-48E5-425D-938E-31A4CC7AC687}.Debug|Any CPU.Build.0 = Debug|Any CPU
		{1A10C624-48E5-425D-938E-31A4CC7AC687}.Debug|x64.ActiveCfg = Debug|Any CPU
		{1A10C624-48E5-425D-938E-31A4CC7AC687}.Debug|x64.Build.0 = Debug|Any CPU
		{1A10C624-48E5-425D-938E-31A4CC7AC687}.Debug|x86.ActiveCfg = Debug|Any CPU
		{1A10C624-48E5-425D-938E-31A4CC7AC687}.Debug|x86.Build.0 = Debug|Any CPU
		{1A10C624-48E5-425D-938E-31A4CC7AC687}.Release|Any CPU.ActiveCfg = Release|Any CPU
		{1A10C624-48E5-425D-938E-31A4CC7AC687}.Release|Any CPU.Build.0 = Release|Any CPU
		{1A10C624-48E5-425D-938E-31A4CC7AC687}.Release|x64.ActiveCfg = Release|Any CPU
		{1A10C624-48E5-425D-938E-31A4CC7AC687}.Release|x64.Build.0 = Release|Any CPU
		{1A10C624-48E5-425D-938E-31A4CC7AC687}.Release|x86.ActiveCfg = Release|Any CPU
		{1A10C624-48E5-425D-938E-31A4CC7AC687}.Release|x86.Build.0 = Release|Any CPU
		{C4DAFD83-C6DC-4597-AA1F-BA2F3ABB612C}.Debug|Any CPU.ActiveCfg = Debug|Any CPU
		{C4DAFD83-C6DC-4597-AA1F-BA2F3ABB612C}.Debug|Any CPU.Build.0 = Debug|Any CPU
		{C4DAFD83-C6DC-4597-AA1F-BA2F3ABB612C}.Debug|x64.ActiveCfg = Debug|Any CPU
		{C4DAFD83-C6DC-4597-AA1F-BA2F3ABB612C}.Debug|x64.Build.0 = Debug|Any CPU
		{C4DAFD83-C6DC-4597-AA1F-BA2F3ABB612C}.Debug|x86.ActiveCfg = Debug|Any CPU
		{C4DAFD83-C6DC-4597-AA1F-BA2F3ABB612C}.Debug|x86.Build.0 = Debug|Any CPU
		{C4DAFD83-C6DC-4597-AA1F-BA2F3ABB612C}.Release|Any CPU.ActiveCfg = Release|Any CPU
		{C4DAFD83-C6DC-4597-AA1F-BA2F3ABB612C}.Release|Any CPU.Build.0 = Release|Any CPU
		{C4DAFD83-C6DC-4597-AA1F-BA2F3ABB612C}.Release|x64.ActiveCfg = Release|Any CPU
		{C4DAFD83-C6DC-4597-AA1F-BA2F3ABB612C}.Release|x64.Build.0 = Release|Any CPU
		{C4DAFD83-C6DC-4597-AA1F-BA2F3ABB612C}.Release|x86.ActiveCfg = Release|Any CPU
		{C4DAFD83-C6DC-4597-AA1F-BA2F3ABB612C}.Release|x86.Build.0 = Release|Any CPU
		{C61EBDB6-053C-48C3-B896-58642639C93F}.Debug|Any CPU.ActiveCfg = Debug|Any CPU
		{C61EBDB6-053C-48C3-B896-58642639C93F}.Debug|Any CPU.Build.0 = Debug|Any CPU
		{C61EBDB6-053C-48C3-B896-58642639C93F}.Debug|x64.ActiveCfg = Debug|Any CPU
		{C61EBDB6-053C-48C3-B896-58642639C93F}.Debug|x64.Build.0 = Debug|Any CPU
		{C61EBDB6-053C-48C3-B896-58642639C93F}.Debug|x86.ActiveCfg = Debug|Any CPU
		{C61EBDB6-053C-48C3-B896-58642639C93F}.Debug|x86.Build.0 = Debug|Any CPU
		{C61EBDB6-053C-48C3-B896-58642639C93F}.Release|Any CPU.ActiveCfg = Release|Any CPU
		{C61EBDB6-053C-48C3-B896-58642639C93F}.Release|Any CPU.Build.0 = Release|Any CPU
		{C61EBDB6-053C-48C3-B896-58642639C93F}.Release|x64.ActiveCfg = Release|Any CPU
		{C61EBDB6-053C-48C3-B896-58642639C93F}.Release|x64.Build.0 = Release|Any CPU
		{C61EBDB6-053C-48C3-B896-58642639C93F}.Release|x86.ActiveCfg = Release|Any CPU
		{C61EBDB6-053C-48C3-B896-58642639C93F}.Release|x86.Build.0 = Release|Any CPU
		{9BC56B40-64E3-4A8F-AD49-C52857A35026}.Debug|Any CPU.ActiveCfg = Debug|Any CPU
		{9BC56B40-64E3-4A8F-AD49-C52857A35026}.Debug|Any CPU.Build.0 = Debug|Any CPU
		{9BC56B40-64E3-4A8F-AD49-C52857A35026}.Debug|x64.ActiveCfg = Debug|Any CPU
		{9BC56B40-64E3-4A8F-AD49-C52857A35026}.Debug|x64.Build.0 = Debug|Any CPU
		{9BC56B40-64E3-4A8F-AD49-C52857A35026}.Debug|x86.ActiveCfg = Debug|Any CPU
		{9BC56B40-64E3-4A8F-AD49-C52857A35026}.Debug|x86.Build.0 = Debug|Any CPU
		{9BC56B40-64E3-4A8F-AD49-C52857A35026}.Release|Any CPU.ActiveCfg = Release|Any CPU
		{9BC56B40-64E3-4A8F-AD49-C52857A35026}.Release|Any CPU.Build.0 = Release|Any CPU
		{9BC56B40-64E3-4A8F-AD49-C52857A35026}.Release|x64.ActiveCfg = Release|Any CPU
		{9BC56B40-64E3-4A8F-AD49-C52857A35026}.Release|x64.Build.0 = Release|Any CPU
		{9BC56B40-64E3-4A8F-AD49-C52857A35026}.Release|x86.ActiveCfg = Release|Any CPU
		{9BC56B40-64E3-4A8F-AD49-C52857A35026}.Release|x86.Build.0 = Release|Any CPU
		{CA2873D8-BD0B-4583-818D-B94A3C2ABBA3}.Debug|Any CPU.ActiveCfg = Debug|x64
		{CA2873D8-BD0B-4583-818D-B94A3C2ABBA3}.Debug|Any CPU.Build.0 = Debug|x64
		{CA2873D8-BD0B-4583-818D-B94A3C2ABBA3}.Debug|x64.ActiveCfg = Debug|x64
		{CA2873D8-BD0B-4583-818D-B94A3C2ABBA3}.Debug|x64.Build.0 = Debug|x64
		{CA2873D8-BD0B-4583-818D-B94A3C2ABBA3}.Debug|x86.ActiveCfg = Debug|Win32
		{CA2873D8-BD0B-4583-818D-B94A3C2ABBA3}.Debug|x86.Build.0 = Debug|Win32
		{CA2873D8-BD0B-4583-818D-B94A3C2ABBA3}.Release|Any CPU.ActiveCfg = Release|x64
		{CA2873D8-BD0B-4583-818D-B94A3C2ABBA3}.Release|Any CPU.Build.0 = Release|x64
		{CA2873D8-BD0B-4583-818D-B94A3C2ABBA3}.Release|x64.ActiveCfg = Release|x64
		{CA2873D8-BD0B-4583-818D-B94A3C2ABBA3}.Release|x64.Build.0 = Release|x64
		{CA2873D8-BD0B-4583-818D-B94A3C2ABBA3}.Release|x86.ActiveCfg = Release|Win32
		{CA2873D8-BD0B-4583-818D-B94A3C2ABBA3}.Release|x86.Build.0 = Release|Win32
		{5D351C91-C631-40F6-82D2-F8D68468B076}.Debug|Any CPU.ActiveCfg = Debug|Any CPU
		{5D351C91-C631-40F6-82D2-F8D68468B076}.Debug|Any CPU.Build.0 = Debug|Any CPU
		{5D351C91-C631-40F6-82D2-F8D68468B076}.Debug|x64.ActiveCfg = Debug|Any CPU
		{5D351C91-C631-40F6-82D2-F8D68468B076}.Debug|x64.Build.0 = Debug|Any CPU
		{5D351C91-C631-40F6-82D2-F8D68468B076}.Debug|x86.ActiveCfg = Debug|Any CPU
		{5D351C91-C631-40F6-82D2-F8D68468B076}.Debug|x86.Build.0 = Debug|Any CPU
		{5D351C91-C631-40F6-82D2-F8D68468B076}.Release|Any CPU.ActiveCfg = Release|Any CPU
		{5D351C91-C631-40F6-82D2-F8D68468B076}.Release|Any CPU.Build.0 = Release|Any CPU
		{5D351C91-C631-40F6-82D2-F8D68468B076}.Release|x64.ActiveCfg = Release|Any CPU
		{5D351C91-C631-40F6-82D2-F8D68468B076}.Release|x64.Build.0 = Release|Any CPU
		{5D351C91-C631-40F6-82D2-F8D68468B076}.Release|x86.ActiveCfg = Release|Any CPU
		{5D351C91-C631-40F6-82D2-F8D68468B076}.Release|x86.Build.0 = Release|Any CPU
		{7B68DE7D-159B-42A7-8CF8-69F156CD04DE}.Debug|Any CPU.ActiveCfg = Debug|Any CPU
		{7B68DE7D-159B-42A7-8CF8-69F156CD04DE}.Debug|Any CPU.Build.0 = Debug|Any CPU
		{7B68DE7D-159B-42A7-8CF8-69F156CD04DE}.Debug|x64.ActiveCfg = Debug|Any CPU
		{7B68DE7D-159B-42A7-8CF8-69F156CD04DE}.Debug|x64.Build.0 = Debug|Any CPU
		{7B68DE7D-159B-42A7-8CF8-69F156CD04DE}.Debug|x86.ActiveCfg = Debug|Any CPU
		{7B68DE7D-159B-42A7-8CF8-69F156CD04DE}.Debug|x86.Build.0 = Debug|Any CPU
		{7B68DE7D-159B-42A7-8CF8-69F156CD04DE}.Release|Any CPU.ActiveCfg = Release|Any CPU
		{7B68DE7D-159B-42A7-8CF8-69F156CD04DE}.Release|Any CPU.Build.0 = Release|Any CPU
		{7B68DE7D-159B-42A7-8CF8-69F156CD04DE}.Release|x64.ActiveCfg = Release|Any CPU
		{7B68DE7D-159B-42A7-8CF8-69F156CD04DE}.Release|x64.Build.0 = Release|Any CPU
		{7B68DE7D-159B-42A7-8CF8-69F156CD04DE}.Release|x86.ActiveCfg = Release|Any CPU
		{7B68DE7D-159B-42A7-8CF8-69F156CD04DE}.Release|x86.Build.0 = Release|Any CPU
		{BC0DCD32-E917-4187-8CF3-970D17301ED3}.Debug|Any CPU.ActiveCfg = Debug|Any CPU
		{BC0DCD32-E917-4187-8CF3-970D17301ED3}.Debug|Any CPU.Build.0 = Debug|Any CPU
		{BC0DCD32-E917-4187-8CF3-970D17301ED3}.Debug|x64.ActiveCfg = Debug|Any CPU
		{BC0DCD32-E917-4187-8CF3-970D17301ED3}.Debug|x64.Build.0 = Debug|Any CPU
		{BC0DCD32-E917-4187-8CF3-970D17301ED3}.Debug|x86.ActiveCfg = Debug|Any CPU
		{BC0DCD32-E917-4187-8CF3-970D17301ED3}.Debug|x86.Build.0 = Debug|Any CPU
		{BC0DCD32-E917-4187-8CF3-970D17301ED3}.Release|Any CPU.ActiveCfg = Release|Any CPU
		{BC0DCD32-E917-4187-8CF3-970D17301ED3}.Release|Any CPU.Build.0 = Release|Any CPU
		{BC0DCD32-E917-4187-8CF3-970D17301ED3}.Release|x64.ActiveCfg = Release|Any CPU
		{BC0DCD32-E917-4187-8CF3-970D17301ED3}.Release|x64.Build.0 = Release|Any CPU
		{BC0DCD32-E917-4187-8CF3-970D17301ED3}.Release|x86.ActiveCfg = Release|Any CPU
		{BC0DCD32-E917-4187-8CF3-970D17301ED3}.Release|x86.Build.0 = Release|Any CPU
		{86B4ED0C-CD28-4C6C-B58E-B4B1F7AAD683}.Debug|Any CPU.ActiveCfg = Debug|Any CPU
		{86B4ED0C-CD28-4C6C-B58E-B4B1F7AAD683}.Debug|Any CPU.Build.0 = Debug|Any CPU
		{86B4ED0C-CD28-4C6C-B58E-B4B1F7AAD683}.Debug|x64.ActiveCfg = Debug|Any CPU
		{86B4ED0C-CD28-4C6C-B58E-B4B1F7AAD683}.Debug|x64.Build.0 = Debug|Any CPU
		{86B4ED0C-CD28-4C6C-B58E-B4B1F7AAD683}.Debug|x86.ActiveCfg = Debug|Any CPU
		{86B4ED0C-CD28-4C6C-B58E-B4B1F7AAD683}.Debug|x86.Build.0 = Debug|Any CPU
		{86B4ED0C-CD28-4C6C-B58E-B4B1F7AAD683}.Release|Any CPU.ActiveCfg = Release|Any CPU
		{86B4ED0C-CD28-4C6C-B58E-B4B1F7AAD683}.Release|Any CPU.Build.0 = Release|Any CPU
		{86B4ED0C-CD28-4C6C-B58E-B4B1F7AAD683}.Release|x64.ActiveCfg = Release|Any CPU
		{86B4ED0C-CD28-4C6C-B58E-B4B1F7AAD683}.Release|x64.Build.0 = Release|Any CPU
		{86B4ED0C-CD28-4C6C-B58E-B4B1F7AAD683}.Release|x86.ActiveCfg = Release|Any CPU
		{86B4ED0C-CD28-4C6C-B58E-B4B1F7AAD683}.Release|x86.Build.0 = Release|Any CPU
		{CF03BCEA-EB5B-427F-8576-7DA7EB869BDC}.Debug|Any CPU.ActiveCfg = Debug|Any CPU
		{CF03BCEA-EB5B-427F-8576-7DA7EB869BDC}.Debug|Any CPU.Build.0 = Debug|Any CPU
		{CF03BCEA-EB5B-427F-8576-7DA7EB869BDC}.Debug|x64.ActiveCfg = Debug|Any CPU
		{CF03BCEA-EB5B-427F-8576-7DA7EB869BDC}.Debug|x64.Build.0 = Debug|Any CPU
		{CF03BCEA-EB5B-427F-8576-7DA7EB869BDC}.Debug|x86.ActiveCfg = Debug|Any CPU
		{CF03BCEA-EB5B-427F-8576-7DA7EB869BDC}.Debug|x86.Build.0 = Debug|Any CPU
		{CF03BCEA-EB5B-427F-8576-7DA7EB869BDC}.Release|Any CPU.ActiveCfg = Release|Any CPU
		{CF03BCEA-EB5B-427F-8576-7DA7EB869BDC}.Release|Any CPU.Build.0 = Release|Any CPU
		{CF03BCEA-EB5B-427F-8576-7DA7EB869BDC}.Release|x64.ActiveCfg = Release|Any CPU
		{CF03BCEA-EB5B-427F-8576-7DA7EB869BDC}.Release|x64.Build.0 = Release|Any CPU
		{CF03BCEA-EB5B-427F-8576-7DA7EB869BDC}.Release|x86.ActiveCfg = Release|Any CPU
		{CF03BCEA-EB5B-427F-8576-7DA7EB869BDC}.Release|x86.Build.0 = Release|Any CPU
		{7DC7FC22-EFA6-4EB0-8E75-99F746E50F6E}.Debug|Any CPU.ActiveCfg = Debug|Any CPU
		{7DC7FC22-EFA6-4EB0-8E75-99F746E50F6E}.Debug|Any CPU.Build.0 = Debug|Any CPU
		{7DC7FC22-EFA6-4EB0-8E75-99F746E50F6E}.Debug|x64.ActiveCfg = Debug|Any CPU
		{7DC7FC22-EFA6-4EB0-8E75-99F746E50F6E}.Debug|x64.Build.0 = Debug|Any CPU
		{7DC7FC22-EFA6-4EB0-8E75-99F746E50F6E}.Debug|x86.ActiveCfg = Debug|Any CPU
		{7DC7FC22-EFA6-4EB0-8E75-99F746E50F6E}.Debug|x86.Build.0 = Debug|Any CPU
		{7DC7FC22-EFA6-4EB0-8E75-99F746E50F6E}.Release|Any CPU.ActiveCfg = Release|Any CPU
		{7DC7FC22-EFA6-4EB0-8E75-99F746E50F6E}.Release|Any CPU.Build.0 = Release|Any CPU
		{7DC7FC22-EFA6-4EB0-8E75-99F746E50F6E}.Release|x64.ActiveCfg = Release|Any CPU
		{7DC7FC22-EFA6-4EB0-8E75-99F746E50F6E}.Release|x64.Build.0 = Release|Any CPU
		{7DC7FC22-EFA6-4EB0-8E75-99F746E50F6E}.Release|x86.ActiveCfg = Release|Any CPU
		{7DC7FC22-EFA6-4EB0-8E75-99F746E50F6E}.Release|x86.Build.0 = Release|Any CPU
	EndGlobalSection
	GlobalSection(SolutionProperties) = preSolution
		HideSolutionNode = FALSE
	EndGlobalSection
	GlobalSection(NestedProjects) = preSolution
		{8CCDB0CD-DFB2-492E-B1A2-8DD030F923D3} = {01B5E872-271F-4D30-A1AA-AD48D81840C5}
		{19666500-4636-4400-8855-496317F4A7F7} = {01B5E872-271F-4D30-A1AA-AD48D81840C5}
		{46D0A205-CA30-41CC-9A80-10B543FBD344} = {6078AE6E-7CD0-48E4-84E0-EB164D8881DA}
		{05E3039D-EDF6-4CDC-B062-CB67760ACB5F} = {F9EFA63C-0A88-45EB-B36F-C4A9D63BDFD1}
		{06F03B1F-F68A-4C5B-B7FE-128A7CE1A1D7} = {01B5E872-271F-4D30-A1AA-AD48D81840C5}
		{4017A4F4-5E59-48AA-A7D0-A8518148933A} = {9025731C-084E-4E82-8CD4-0F52D3AA1F54}
		{726188BA-F0EA-4ECA-ACF4-CCC066464FF0} = {C6A8760D-92CB-4307-88A7-36CCAEBA4AD1}
		{F96F3AA0-131E-4B6B-AB21-BBE2DEBCEF3A} = {9025731C-084E-4E82-8CD4-0F52D3AA1F54}
		{9025731C-084E-4E82-8CD4-0F52D3AA1F54} = {F20FE754-FDEA-4F3A-93D4-0750CB9EBB33}
		{1A10C624-48E5-425D-938E-31A4CC7AC687} = {C6A8760D-92CB-4307-88A7-36CCAEBA4AD1}
		{9BC56B40-64E3-4A8F-AD49-C52857A35026} = {C6A8760D-92CB-4307-88A7-36CCAEBA4AD1}
		{CA2873D8-BD0B-4583-818D-B94A3C2ABBA3} = {6078AE6E-7CD0-48E4-84E0-EB164D8881DA}
		{5D351C91-C631-40F6-82D2-F8D68468B076} = {6078AE6E-7CD0-48E4-84E0-EB164D8881DA}
		{7B68DE7D-159B-42A7-8CF8-69F156CD04DE} = {6078AE6E-7CD0-48E4-84E0-EB164D8881DA}
		{18A62EF6-ADDA-4224-90AB-2D5DCFC95D3E} = {F20FE754-FDEA-4F3A-93D4-0750CB9EBB33}
		{BC0DCD32-E917-4187-8CF3-970D17301ED3} = {6078AE6E-7CD0-48E4-84E0-EB164D8881DA}
		{C61EBDB6-053C-48C3-B896-58642639C93F} = {54A49AC2-55B3-4156-8023-41C56719EBB5}
		{C4DAFD83-C6DC-4597-AA1F-BA2F3ABB612C} = {54A49AC2-55B3-4156-8023-41C56719EBB5}
		{86B4ED0C-CD28-4C6C-B58E-B4B1F7AAD683} = {54A49AC2-55B3-4156-8023-41C56719EBB5}
		{CF03BCEA-EB5B-427F-8576-7DA7EB869BDC} = {54A49AC2-55B3-4156-8023-41C56719EBB5}
		{7DC7FC22-EFA6-4EB0-8E75-99F746E50F6E} = {6078AE6E-7CD0-48E4-84E0-EB164D8881DA}
	EndGlobalSection
	GlobalSection(ExtensibilityGlobals) = postSolution
		SolutionGuid = {C5F46653-4DEC-429B-8580-4ED18ED9B4CA}
	EndGlobalSection
EndGlobal
